github.com/cloudblue/chaperone/sdk v0.1.0 h1:OsrqjLfcaP35eSRLzsmL1r6wYf4IkmE/WG17GSCdgIE=
github.com/cloudblue/chaperone/sdk v0.1.0/go.mod h1:p6JOMXPqVfm8EqvnyDAozgrmkvhfbs1O32am/dthnFc=
golang.org/x/sync v0.21.0 h1:HLII4xRRTtCRkxYp4HNFF0Js/Og6q2i++KXbg0gHCwM=
golang.org/x/sync v0.21.0/go.mod h1:9xrNwdLfx4jkKbNva9FpL6vEN7evnE43NNNJQ2LF3+0=
